
Microsoft Visual Studio Solution File, Format Version 12.00
# Visual Studio 15
VisualStudioVersion = 15.0.27428.2037
MinimumVisualStudioVersion = 10.0.40219.1
Project("{FAE04EC0-301F-11D3-BF4B-00C04F79EFBC}") = "TemperatureSensorApp.Android", "TemperatureSensorApp\TemperatureSensorApp.Android\TemperatureSensorApp.Android.csproj", "{65675C44-1278-4700-B2C8-681BDB2BC650}"
EndProject
Project("{FAE04EC0-301F-11D3-BF4B-00C04F79EFBC}") = "TemperatureSensorApp.iOS", "TemperatureSensorApp\TemperatureSensorApp.iOS\TemperatureSensorApp.iOS.csproj", "{33AD35DB-DD00-40FE-996B-DFB409F5D61A}"
EndProject
Project("{9A19103F-16F7-4668-BE54-9A1E7A4F7556}") = "TemperatureSensorApp", "TemperatureSensorApp\TemperatureSensorApp\TemperatureSensorApp.csproj", "{822898C7-3B2D-44FE-885B-47F0CF0A90ED}"
EndProject
Global
	GlobalSection(SolutionConfigurationPlatforms) = preSolution
		Ad-Hoc|Any CPU = Ad-Hoc|Any CPU
		Ad-Hoc|ARM = Ad-Hoc|ARM
		Ad-Hoc|iPhone = Ad-Hoc|iPhone
		Ad-Hoc|iPhoneSimulator = Ad-Hoc|iPhoneSimulator
		Ad-Hoc|x64 = Ad-Hoc|x64
		Ad-Hoc|x86 = Ad-Hoc|x86
		AppStore|Any CPU = AppStore|Any CPU
		AppStore|ARM = AppStore|ARM
		AppStore|iPhone = AppStore|iPhone
		AppStore|iPhoneSimulator = AppStore|iPhoneSimulator
		AppStore|x64 = AppStore|x64
		AppStore|x86 = AppStore|x86
		Debug|Any CPU = Debug|Any CPU
		Debug|ARM = Debug|ARM
		Debug|iPhone = Debug|iPhone
		Debug|iPhoneSimulator = Debug|iPhoneSimulator
		Debug|x64 = Debug|x64
		Debug|x86 = Debug|x86
		Release|Any CPU = Release|Any CPU
		Release|ARM = Release|ARM
		Release|iPhone = Release|iPhone
		Release|iPhoneSimulator = Release|iPhoneSimulator
		Release|x64 = Release|x64
		Release|x86 = Release|x86
	EndGlobalSection
	GlobalSection(ProjectConfigurationPlatforms) = postSolution
		{65675C44-1278-4700-B2C8-681BDB2BC650}.Ad-Hoc|Any CPU.ActiveCfg = Release|Any CPU
		{65675C44-1278-4700-B2C8-681BDB2BC650}.Ad-Hoc|Any CPU.Build.0 = Release|Any CPU
		{65675C44-1278-4700-B2C8-681BDB2BC650}.Ad-Hoc|Any CPU.Deploy.0 = Release|Any CPU
		{65675C44-1278-4700-B2C8-681BDB2BC650}.Ad-Hoc|ARM.ActiveCfg = Release|Any CPU
		{65675C44-1278-4700-B2C8-681BDB2BC650}.Ad-Hoc|ARM.Build.0 = Release|Any CPU
		{65675C44-1278-4700-B2C8-681BDB2BC650}.Ad-Hoc|ARM.Deploy.0 = Release|Any CPU
		{65675C44-1278-4700-B2C8-681BDB2BC650}.Ad-Hoc|iPhone.ActiveCfg = Release|Any CPU
		{65675C44-1278-4700-B2C8-681BDB2BC650}.Ad-Hoc|iPhone.Build.0 = Release|Any CPU
		{65675C44-1278-4700-B2C8-681BDB2BC650}.Ad-Hoc|iPhone.Deploy.0 = Release|Any CPU
		{65675C44-1278-4700-B2C8-681BDB2BC650}.Ad-Hoc|iPhoneSimulator.ActiveCfg = Release|Any CPU
		{65675C44-1278-4700-B2C8-681BDB2BC650}.Ad-Hoc|iPhoneSimulator.Build.0 = Release|Any CPU
		{65675C44-1278-4700-B2C8-681BDB2BC650}.Ad-Hoc|iPhoneSimulator.Deploy.0 = Release|Any CPU
		{65675C44-1278-4700-B2C8-681BDB2BC650}.Ad-Hoc|x64.ActiveCfg = Release|Any CPU
		{65675C44-1278-4700-B2C8-681BDB2BC650}.Ad-Hoc|x64.Build.0 = Release|Any CPU
		{65675C44-1278-4700-B2C8-681BDB2BC650}.Ad-Hoc|x64.Deploy.0 = Release|Any CPU
		{65675C44-1278-4700-B2C8-681BDB2BC650}.Ad-Hoc|x86.ActiveCfg = Release|Any CPU
		{65675C44-1278-4700-B2C8-681BDB2BC650}.Ad-Hoc|x86.Build.0 = Release|Any CPU
		{65675C44-1278-4700-B2C8-681BDB2BC650}.Ad-Hoc|x86.Deploy.0 = Release|Any CPU
		{65675C44-1278-4700-B2C8-681BDB2BC650}.AppStore|Any CPU.ActiveCfg = Release|Any CPU
		{65675C44-1278-4700-B2C8-681BDB2BC650}.AppStore|Any CPU.Build.0 = Release|Any CPU
		{65675C44-1278-4700-B2C8-681BDB2BC650}.AppStore|Any CPU.Deploy.0 = Release|Any CPU
		{65675C44-1278-4700-B2C8-681BDB2BC650}.AppStore|ARM.ActiveCfg = Release|Any CPU
		{65675C44-1278-4700-B2C8-681BDB2BC650}.AppStore|ARM.Build.0 = Release|Any CPU
		{65675C44-1278-4700-B2C8-681BDB2BC650}.AppStore|ARM.Deploy.0 = Release|Any CPU
		{65675C44-1278-4700-B2C8-681BDB2BC650}.AppStore|iPhone.ActiveCfg = Release|Any CPU
		{65675C44-1278-4700-B2C8-681BDB2BC650}.AppStore|iPhone.Build.0 = Release|Any CPU
		{65675C44-1278-4700-B2C8-681BDB2BC650}.AppStore|iPhone.Deploy.0 = Release|Any CPU
		{65675C44-1278-4700-B2C8-681BDB2BC650}.AppStore|iPhoneSimulator.ActiveCfg = Release|Any CPU
		{65675C44-1278-4700-B2C8-681BDB2BC650}.AppStore|iPhoneSimulator.Build.0 = Release|Any CPU
		{65675C44-1278-4700-B2C8-681BDB2BC650}.AppStore|iPhoneSimulator.Deploy.0 = Release|Any CPU
		{65675C44-1278-4700-B2C8-681BDB2BC650}.AppStore|x64.ActiveCfg = Release|Any CPU
		{65675C44-1278-4700-B2C8-681BDB2BC650}.AppStore|x64.Build.0 = Release|Any CPU
		{65675C44-1278-4700-B2C8-681BDB2BC650}.AppStore|x64.Deploy.0 = Release|Any CPU
		{65675C44-1278-4700-B2C8-681BDB2BC650}.AppStore|x86.ActiveCfg = Release|Any CPU
		{65675C44-1278-4700-B2C8-681BDB2BC650}.AppStore|x86.Build.0 = Release|Any CPU
		{65675C44-1278-4700-B2C8-681BDB2BC650}.AppStore|x86.Deploy.0 = Release|Any CPU
		{65675C44-1278-4700-B2C8-681BDB2BC650}.Debug|Any CPU.ActiveCfg = Debug|Any CPU
		{65675C44-1278-4700-B2C8-681BDB2BC650}.Debug|Any CPU.Build.0 = Debug|Any CPU
		{65675C44-1278-4700-B2C8-681BDB2BC650}.Debug|Any CPU.Deploy.0 = Debug|Any CPU
		{65675C44-1278-4700-B2C8-681BDB2BC650}.Debug|ARM.ActiveCfg = Debug|Any CPU
		{65675C44-1278-4700-B2C8-681BDB2BC650}.Debug|ARM.Build.0 = Debug|Any CPU
		{65675C44-1278-4700-B2C8-681BDB2BC650}.Debug|ARM.Deploy.0 = Debug|Any CPU
		{65675C44-1278-4700-B2C8-681BDB2BC650}.Debug|iPhone.ActiveCfg = Debug|Any CPU
		{65675C44-1278-4700-B2C8-681BDB2BC650}.Debug|iPhone.Build.0 = Debug|Any CPU
		{65675C44-1278-4700-B2C8-681BDB2BC650}.Debug|iPhone.Deploy.0 = Debug|Any CPU
		{65675C44-1278-4700-B2C8-681BDB2BC650}.Debug|iPhoneSimulator.ActiveCfg = Debug|Any CPU
		{65675C44-1278-4700-B2C8-681BDB2BC650}.Debug|iPhoneSimulator.Build.0 = Debug|Any CPU
		{65675C44-1278-4700-B2C8-681BDB2BC650}.Debug|iPhoneSimulator.Deploy.0 = Debug|Any CPU
		{65675C44-1278-4700-B2C8-681BDB2BC650}.Debug|x64.ActiveCfg = Debug|Any CPU
		{65675C44-1278-4700-B2C8-681BDB2BC650}.Debug|x64.Build.0 = Debug|Any CPU
		{65675C44-1278-4700-B2C8-681BDB2BC650}.Debug|x64.Deploy.0 = Debug|Any CPU
		{65675C44-1278-4700-B2C8-681BDB2BC650}.Debug|x86.ActiveCfg = Debug|Any CPU
		{65675C44-1278-4700-B2C8-681BDB2BC650}.Debug|x86.Build.0 = Debug|Any CPU
		{65675C44-1278-4700-B2C8-681BDB2BC650}.Debug|x86.Deploy.0 = Debug|Any CPU
		{65675C44-1278-4700-B2C8-681BDB2BC650}.Release|Any CPU.ActiveCfg = Release|Any CPU
		{65675C44-1278-4700-B2C8-681BDB2BC650}.Release|Any CPU.Build.0 = Release|Any CPU
		{65675C44-1278-4700-B2C8-681BDB2BC650}.Release|Any CPU.Deploy.0 = Release|Any CPU
		{65675C44-1278-4700-B2C8-681BDB2BC650}.Release|ARM.ActiveCfg = Release|Any CPU
		{65675C44-1278-4700-B2C8-681BDB2BC650}.Release|ARM.Build.0 = Release|Any CPU
		{65675C44-1278-4700-B2C8-681BDB2BC650}.Release|ARM.Deploy.0 = Release|Any CPU
		{65675C44-1278-4700-B2C8-681BDB2BC650}.Release|iPhone.ActiveCfg = Release|Any CPU
		{65675C44-1278-4700-B2C8-681BDB2BC650}.Release|iPhone.Build.0 = Release|Any CPU
		{65675C44-1278-4700-B2C8-681BDB2BC650}.Release|iPhone.Deploy.0 = Release|Any CPU
		{65675C44-1278-4700-B2C8-681BDB2BC650}.Release|iPhoneSimulator.ActiveCfg = Release|Any CPU
		{65675C44-1278-4700-B2C8-681BDB2BC650}.Release|iPhoneSimulator.Build.0 = Release|Any CPU
		{65675C44-1278-4700-B2C8-681BDB2BC650}.Release|iPhoneSimulator.Deploy.0 = Release|Any CPU
		{65675C44-1278-4700-B2C8-681BDB2BC650}.Release|x64.ActiveCfg = Release|Any CPU
		{65675C44-1278-4700-B2C8-681BDB2BC650}.Release|x64.Build.0 = Release|Any CPU
		{65675C44-1278-4700-B2C8-681BDB2BC650}.Release|x64.Deploy.0 = Release|Any CPU
		{65675C44-1278-4700-B2C8-681BDB2BC650}.Release|x86.ActiveCfg = Release|Any CPU
		{65675C44-1278-4700-B2C8-681BDB2BC650}.Release|x86.Build.0 = Release|Any CPU
		{65675C44-1278-4700-B2C8-681BDB2BC650}.Release|x86.Deploy.0 = Release|Any CPU
		{33AD35DB-DD00-40FE-996B-DFB409F5D61A}.Ad-Hoc|Any CPU.ActiveCfg = Ad-Hoc|iPhone
		{33AD35DB-DD00-40FE-996B-DFB409F5D61A}.Ad-Hoc|ARM.ActiveCfg = Ad-Hoc|iPhone
		{33AD35DB-DD00-40FE-996B-DFB409F5D61A}.Ad-Hoc|iPhone.ActiveCfg = Ad-Hoc|iPhone
		{33AD35DB-DD00-40FE-996B-DFB409F5D61A}.Ad-Hoc|iPhone.Build.0 = Ad-Hoc|iPhone
		{33AD35DB-DD00-40FE-996B-DFB409F5D61A}.Ad-Hoc|iPhoneSimulator.ActiveCfg = Ad-Hoc|iPhoneSimulator
		{33AD35DB-DD00-40FE-996B-DFB409F5D61A}.Ad-Hoc|iPhoneSimulator.Build.0 = Ad-Hoc|iPhoneSimulator
		{33AD35DB-DD00-40FE-996B-DFB409F5D61A}.Ad-Hoc|x64.ActiveCfg = Ad-Hoc|iPhone
		{33AD35DB-DD00-40FE-996B-DFB409F5D61A}.Ad-Hoc|x86.ActiveCfg = Ad-Hoc|iPhone
		{33AD35DB-DD00-40FE-996B-DFB409F5D61A}.AppStore|Any CPU.ActiveCfg = AppStore|iPhone
		{33AD35DB-DD00-40FE-996B-DFB409F5D61A}.AppStore|ARM.ActiveCfg = AppStore|iPhone
		{33AD35DB-DD00-40FE-996B-DFB409F5D61A}.AppStore|iPhone.ActiveCfg = AppStore|iPhone
		{33AD35DB-DD00-40FE-996B-DFB409F5D61A}.AppStore|iPhone.Build.0 = AppStore|iPhone
		{33AD35DB-DD00-40FE-996B-DFB409F5D61A}.AppStore|iPhoneSimulator.ActiveCfg = AppStore|iPhoneSimulator
		{33AD35DB-DD00-40FE-996B-DFB409F5D61A}.AppStore|iPhoneSimulator.Build.0 = AppStore|iPhoneSimulator
		{33AD35DB-DD00-40FE-996B-DFB409F5D61A}.AppStore|x64.ActiveCfg = AppStore|iPhone
		{33AD35DB-DD00-40FE-996B-DFB409F5D61A}.AppStore|x86.ActiveCfg = AppStore|iPhone
		{33AD35DB-DD00-40FE-996B-DFB409F5D61A}.Debug|Any CPU.ActiveCfg = Debug|iPhone
		{33AD35DB-DD00-40FE-996B-DFB409F5D61A}.Debug|ARM.ActiveCfg = Debug|iPhone
		{33AD35DB-DD00-40FE-996B-DFB409F5D61A}.Debug|iPhone.ActiveCfg = Debug|iPhone
		{33AD35DB-DD00-40FE-996B-DFB409F5D61A}.Debug|iPhone.Build.0 = Debug|iPhone
		{33AD35DB-DD00-40FE-996B-DFB409F5D61A}.Debug|iPhoneSimulator.ActiveCfg = Debug|iPhoneSimulator
		{33AD35DB-DD00-40FE-996B-DFB409F5D61A}.Debug|iPhoneSimulator.Build.0 = Debug|iPhoneSimulator
		{33AD35DB-DD00-40FE-996B-DFB409F5D61A}.Debug|x64.ActiveCfg = Debug|iPhone
		{33AD35DB-DD00-40FE-996B-DFB409F5D61A}.Debug|x86.ActiveCfg = Debug|iPhone
		{33AD35DB-DD00-40FE-996B-DFB409F5D61A}.Release|Any CPU.ActiveCfg = Release|iPhone
		{33AD35DB-DD00-40FE-996B-DFB409F5D61A}.Release|ARM.ActiveCfg = Release|iPhone
		{33AD35DB-DD00-40FE-996B-DFB409F5D61A}.Release|iPhone.ActiveCfg = Release|iPhone
		{33AD35DB-DD00-40FE-996B-DFB409F5D61A}.Release|iPhone.Build.0 = Release|iPhone
		{33AD35DB-DD00-40FE-996B-DFB409F5D61A}.Release|iPhoneSimulator.ActiveCfg = Release|iPhoneSimulator
		{33AD35DB-DD00-40FE-996B-DFB409F5D61A}.Release|iPhoneSimulator.Build.0 = Release|iPhoneSimulator
		{33AD35DB-DD00-40FE-996B-DFB409F5D61A}.Release|x64.ActiveCfg = Release|iPhone
		{33AD35DB-DD00-40FE-996B-DFB409F5D61A}.Release|x86.ActiveCfg = Release|iPhone
		{822898C7-3B2D-44FE-885B-47F0CF0A90ED}.Ad-Hoc|Any CPU.ActiveCfg = Debug|Any CPU
		{822898C7-3B2D-44FE-885B-47F0CF0A90ED}.Ad-Hoc|Any CPU.Build.0 = Debug|Any CPU
		{822898C7-3B2D-44FE-885B-47F0CF0A90ED}.Ad-Hoc|ARM.ActiveCfg = Debug|Any CPU
		{822898C7-3B2D-44FE-885B-47F0CF0A90ED}.Ad-Hoc|ARM.Build.0 = Debug|Any CPU
		{822898C7-3B2D-44FE-885B-47F0CF0A90ED}.Ad-Hoc|iPhone.ActiveCfg = Debug|Any CPU
		{822898C7-3B2D-44FE-885B-47F0CF0A90ED}.Ad-Hoc|iPhone.Build.0 = Debug|Any CPU
		{822898C7-3B2D-44FE-885B-47F0CF0A90ED}.Ad-Hoc|iPhoneSimulator.ActiveCfg = Debug|Any CPU
		{822898C7-3B2D-44FE-885B-47F0CF0A90ED}.Ad-Hoc|iPhoneSimulator.Build.0 = Debug|Any CPU
		{822898C7-3B2D-44FE-885B-47F0CF0A90ED}.Ad-Hoc|x64.ActiveCfg = Debug|Any CPU
		{822898C7-3B2D-44FE-885B-47F0CF0A90ED}.Ad-Hoc|x64.Build.0 = Debug|Any CPU
		{822898C7-3B2D-44FE-885B-47F0CF0A90ED}.Ad-Hoc|x86.ActiveCfg = Debug|Any CPU
		{822898C7-3B2D-44FE-885B-47F0CF0A90ED}.Ad-Hoc|x86.Build.0 = Debug|Any CPU
		{822898C7-3B2D-44FE-885B-47F0CF0A90ED}.AppStore|Any CPU.ActiveCfg = Debug|Any CPU
		{822898C7-3B2D-44FE-885B-47F0CF0A90ED}.AppStore|Any CPU.Build.0 = Debug|Any CPU
		{822898C7-3B2D-44FE-885B-47F0CF0A90ED}.AppStore|ARM.ActiveCfg = Debug|Any CPU
		{822898C7-3B2D-44FE-885B-47F0CF0A90ED}.AppStore|ARM.Build.0 = Debug|Any CPU
		{822898C7-3B2D-44FE-885B-47F0CF0A90ED}.AppStore|iPhone.ActiveCfg = Debug|Any CPU
		{822898C7-3B2D-44FE-885B-47F0CF0A90ED}.AppStore|iPhone.Build.0 = Debug|Any CPU
		{822898C7-3B2D-44FE-885B-47F0CF0A90ED}.AppStore|iPhoneSimulator.ActiveCfg = Debug|Any CPU
		{822898C7-3B2D-44FE-885B-47F0CF0A90ED}.AppStore|iPhoneSimulator.Build.0 = Debug|Any CPU
		{822898C7-3B2D-44FE-885B-47F0CF0A90ED}.AppStore|x64.ActiveCfg = Debug|Any CPU
		{822898C7-3B2D-44FE-885B-47F0CF0A90ED}.AppStore|x64.Build.0 = Debug|Any CPU
		{822898C7-3B2D-44FE-885B-47F0CF0A90ED}.AppStore|x86.ActiveCfg = Debug|Any CPU
		{822898C7-3B2D-44FE-885B-47F0CF0A90ED}.AppStore|x86.Build.0 = Debug|Any CPU
		{822898C7-3B2D-44FE-885B-47F0CF0A90ED}.Debug|Any CPU.ActiveCfg = Debug|Any CPU
		{822898C7-3B2D-44FE-885B-47F0CF0A90ED}.Debug|Any CPU.Build.0 = Debug|Any CPU
		{822898C7-3B2D-44FE-885B-47F0CF0A90ED}.Debug|ARM.ActiveCfg = Debug|Any CPU
		{822898C7-3B2D-44FE-885B-47F0CF0A90ED}.Debug|ARM.Build.0 = Debug|Any CPU
		{822898C7-3B2D-44FE-885B-47F0CF0A90ED}.Debug|iPhone.ActiveCfg = Debug|Any CPU
		{822898C7-3B2D-44FE-885B-47F0CF0A90ED}.Debug|iPhone.Build.0 = Debug|Any CPU
		{822898C7-3B2D-44FE-885B-47F0CF0A90ED}.Debug|iPhoneSimulator.ActiveCfg = Debug|Any CPU
		{822898C7-3B2D-44FE-885B-47F0CF0A90ED}.Debug|iPhoneSimulator.Build.0 = Debug|Any CPU
		{822898C7-3B2D-44FE-885B-47F0CF0A90ED}.Debug|x64.ActiveCfg = Debug|Any CPU
		{822898C7-3B2D-44FE-885B-47F0CF0A90ED}.Debug|x64.Build.0 = Debug|Any CPU
		{822898C7-3B2D-44FE-885B-47F0CF0A90ED}.Debug|x86.ActiveCfg = Debug|Any CPU
		{822898C7-3B2D-44FE-885B-47F0CF0A90ED}.Debug|x86.Build.0 = Debug|Any CPU
		{822898C7-3B2D-44FE-885B-47F0CF0A90ED}.Release|Any CPU.ActiveCfg = Release|Any CPU
		{822898C7-3B2D-44FE-885B-47F0CF0A90ED}.Release|Any CPU.Build.0 = Release|Any CPU
		{822898C7-3B2D-44FE-885B-47F0CF0A90ED}.Release|ARM.ActiveCfg = Release|Any CPU
		{822898C7-3B2D-44FE-885B-47F0CF0A90ED}.Release|ARM.Build.0 = Release|Any CPU
		{822898C7-3B2D-44FE-885B-47F0CF0A90ED}.Release|iPhone.ActiveCfg = Release|Any CPU
		{822898C7-3B2D-44FE-885B-47F0CF0A90ED}.Release|iPhone.Build.0 = Release|Any CPU
		{822898C7-3B2D-44FE-885B-47F0CF0A90ED}.Release|iPhoneSimulator.ActiveCfg = Release|Any CPU
		{822898C7-3B2D-44FE-885B-47F0CF0A90ED}.Release|iPhoneSimulator.Build.0 = Release|Any CPU
		{822898C7-3B2D-44FE-885B-47F0CF0A90ED}.Release|x64.ActiveCfg = Release|Any CPU
		{822898C7-3B2D-44FE-885B-47F0CF0A90ED}.Release|x64.Build.0 = Release|Any CPU
		{822898C7-3B2D-44FE-885B-47F0CF0A90ED}.Release|x86.ActiveCfg = Release|Any CPU
		{822898C7-3B2D-44FE-885B-47F0CF0A90ED}.Release|x86.Build.0 = Release|Any CPU
	EndGlobalSection
	GlobalSection(SolutionProperties) = preSolution
		HideSolutionNode = FALSE
	EndGlobalSection
	GlobalSection(ExtensibilityGlobals) = postSolution
		SolutionGuid = {5B6838FE-D532-4AE8-B498-CA8C89E279DB}
	EndGlobalSection
EndGlobal
